// !$*UTF8*$!
{
	archiveVersion = 1;
	classes = {
	};
	objectVersion = 50;
	objects = {

/* Begin PBXBuildFile section */
		396647EA21394FA300B3A4F6 /* AppDelegate.swift in Sources */ = {isa = PBXBuildFile; fileRef = 396647E921394FA300B3A4F6 /* AppDelegate.swift */; };
		396647EC21394FA300B3A4F6 /* ViewController.swift in Sources */ = {isa = PBXBuildFile; fileRef = 396647EB21394FA300B3A4F6 /* ViewController.swift */; };
		396647EF21394FA300B3A4F6 /* Main.storyboard in Resources */ = {isa = PBXBuildFile; fileRef = 396647ED21394FA300B3A4F6 /* Main.storyboard */; };
		396647F121394FA700B3A4F6 /* Assets.xcassets in Resources */ = {isa = PBXBuildFile; fileRef = 396647F021394FA700B3A4F6 /* Assets.xcassets */; };
		396647F421394FA700B3A4F6 /* LaunchScreen.storyboard in Resources */ = {isa = PBXBuildFile; fileRef = 396647F221394FA700B3A4F6 /* LaunchScreen.storyboard */; };
		396647FF21394FA700B3A4F6 /* DarkModeTests.swift in Sources */ = {isa = PBXBuildFile; fileRef = 396647FE21394FA700B3A4F6 /* DarkModeTests.swift */; };
		3966480A21394FA700B3A4F6 /* DarkModeUITests.swift in Sources */ = {isa = PBXBuildFile; fileRef = 3966480921394FA700B3A4F6 /* DarkModeUITests.swift */; };
/* End PBXBuildFile section */

/* Begin PBXContainerItemProxy section */
		396647FB21394FA700B3A4F6 /* PBXContainerItemProxy */ = {
			isa = PBXContainerItemProxy;
			containerPortal = 396647DE21394FA200B3A4F6 /* Project object */;
			proxyType = 1;
			remoteGlobalIDString = 396647E521394FA300B3A4F6;
			remoteInfo = DarkMode;
		};
		3966480621394FA700B3A4F6 /* PBXContainerItemProxy */ = {
			isa = PBXContainerItemProxy;
			containerPortal = 396647DE21394FA200B3A4F6 /* Project object */;
			proxyType = 1;
			remoteGlobalIDString = 396647E521394FA300B3A4F6;
			remoteInfo = DarkMode;
		};
/* End PBXContainerItemProxy section */

/* Begin PBXFileReference section */
		396647E621394FA300B3A4F6 /* DarkMode.app */ = {isa = PBXFileReference; explicitFileType = wrapper.application; includeInIndex = 0; path = DarkMode.app; sourceTree = BUILT_PRODUCTS_DIR; };
		396647E921394FA300B3A4F6 /* AppDelegate.swift */ = {isa = PBXFileReference; lastKnownFileType = sourcecode.swift; path = AppDelegate.swift; sourceTree = "<group>"; };
		396647EB21394FA300B3A4F6 /* ViewController.swift */ = {isa = PBXFileReference; lastKnownFileType = sourcecode.swift; path = ViewController.swift; sourceTree = "<group>"; };
		396647EE21394FA300B3A4F6 /* Base */ = {isa = PBXFileReference; lastKnownFileType = file.storyboard; name = Base; path = Base.lproj/Main.storyboard; sourceTree = "<group>"; };
		396647F021394FA700B3A4F6 /* Assets.xcassets */ = {isa = PBXFileReference; lastKnownFileType = folder.assetcatalog; path = Assets.xcassets; sourceTree = "<group>"; };
		396647F321394FA700B3A4F6 /* Base */ = {isa = PBXFileReference; lastKnownFileType = file.storyboard; name = Base; path = Base.lproj/LaunchScreen.storyboard; sourceTree = "<group>"; };
		396647F521394FA700B3A4F6 /* Info.plist */ = {isa = PBXFileReference; lastKnownFileType = text.plist.xml; path = Info.plist; sourceTree = "<group>"; };
		396647FA21394FA700B3A4F6 /* DarkModeTests.xctest */ = {isa = PBXFileReference; explicitFileType = wrapper.cfbundle; includeInIndex = 0; path = DarkModeTests.xctest; sourceTree = BUILT_PRODUCTS_DIR; };
		396647FE21394FA700B3A4F6 /* DarkModeTests.swift */ = {isa = PBXFileReference; lastKnownFileType = sourcecode.swift; path = DarkModeTests.swift; sourceTree = "<group>"; };
		3966480021394FA700B3A4F6 /* Info.plist */ = {isa = PBXFileReference; lastKnownFileType = text.plist.xml; path = Info.plist; sourceTree = "<group>"; };
		3966480521394FA700B3A4F6 /* DarkModeUITests.xctest */ = {isa = PBXFileReference; explicitFileType = wrapper.cfbundle; includeInIndex = 0; path = DarkModeUITests.xctest; sourceTree = BUILT_PRODUCTS_DIR; };
		3966480921394FA700B3A4F6 /* DarkModeUITests.swift */ = {isa = PBXFileReference; lastKnownFileType = sourcecode.swift; path = DarkModeUITests.swift; sourceTree = "<group>"; };
		3966480B21394FA700B3A4F6 /* Info.plist */ = {isa = PBXFileReference; lastKnownFileType = text.plist.xml; path = Info.plist; sourceTree = "<group>"; };
/* End PBXFileReference section */

/* Begin PBXFrameworksBuildPhase section */
		396647E321394FA300B3A4F6 /* Frameworks */ = {
			isa = PBXFrameworksBuildPhase;
			buildActionMask = 2147483647;
			files = (
			);
			runOnlyForDeploymentPostprocessing = 0;
		};
		396647F721394FA700B3A4F6 /* Frameworks */ = {
			isa = PBXFrameworksBuildPhase;
			buildActionMask = 2147483647;
			files = (
			);
			runOnlyForDeploymentPostprocessing = 0;
		};
		3966480221394FA700B3A4F6 /* Frameworks */ = {
			isa = PBXFrameworksBuildPhase;
			buildActionMask = 2147483647;
			files = (
			);
			runOnlyForDeploymentPostprocessing = 0;
		};
/* End PBXFrameworksBuildPhase section */

/* Begin PBXGroup section */
		396647DD21394FA200B3A4F6 = {
			isa = PBXGroup;
			children = (
				396647E821394FA300B3A4F6 /* DarkMode */,
				396647FD21394FA700B3A4F6 /* DarkModeTests */,
				3966480821394FA700B3A4F6 /* DarkModeUITests */,
				396647E721394FA300B3A4F6 /* Products */,
			);
			sourceTree = "<group>";
		};
		396647E721394FA300B3A4F6 /* Products */ = {
			isa = PBXGroup;
			children = (
				396647E621394FA300B3A4F6 /* DarkMode.app */,
				396647FA21394FA700B3A4F6 /* DarkModeTests.xctest */,
				3966480521394FA700B3A4F6 /* DarkModeUITests.xctest */,
			);
			name = Products;
			sourceTree = "<group>";
		};
		396647E821394FA300B3A4F6 /* DarkMode */ = {
			isa = PBXGroup;
			children = (
				396647E921394FA300B3A4F6 /* AppDelegate.swift */,
				396647EB21394FA300B3A4F6 /* ViewController.swift */,
				396647ED21394FA300B3A4F6 /* Main.storyboard */,
				396647F021394FA700B3A4F6 /* Assets.xcassets */,
				396647F221394FA700B3A4F6 /* LaunchScreen.storyboard */,
				396647F521394FA700B3A4F6 /* Info.plist */,
			);
			path = DarkMode;
			sourceTree = "<group>";
		};
		396647FD21394FA700B3A4F6 /* DarkModeTests */ = {
			isa = PBXGroup;
			children = (
				396647FE21394FA700B3A4F6 /* DarkModeTests.swift */,
				3966480021394FA700B3A4F6 /* Info.plist */,
			);
			path = DarkModeTests;
			sourceTree = "<group>";
		};
		3966480821394FA700B3A4F6 /* DarkModeUITests */ = {
			isa = PBXGroup;
			children = (
				3966480921394FA700B3A4F6 /* DarkModeUITests.swift */,
				3966480B21394FA700B3A4F6 /* Info.plist */,
			);
			path = DarkModeUITests;
			sourceTree = "<group>";
		};
/* End PBXGroup section */

/* Begin PBXNativeTarget section */
		396647E521394FA300B3A4F6 /* DarkMode */ = {
			isa = PBXNativeTarget;
			buildConfigurationList = 3966480E21394FA700B3A4F6 /* Build configuration list for PBXNativeTarget "DarkMode" */;
			buildPhases = (
				396647E221394FA300B3A4F6 /* Sources */,
				396647E321394FA300B3A4F6 /* Frameworks */,
				396647E421394FA300B3A4F6 /* Resources */,
			);
			buildRules = (
			);
			dependencies = (
			);
			name = DarkMode;
			productName = DarkMode;
			productReference = 396647E621394FA300B3A4F6 /* DarkMode.app */;
			productType = "com.apple.product-type.application";
		};
		396647F921394FA700B3A4F6 /* DarkModeTests */ = {
			isa = PBXNativeTarget;
			buildConfigurationList = 3966481121394FA700B3A4F6 /* Build configuration list for PBXNativeTarget "DarkModeTests" */;
			buildPhases = (
				396647F621394FA700B3A4F6 /* Sources */,
				396647F721394FA700B3A4F6 /* Frameworks */,
				396647F821394FA700B3A4F6 /* Resources */,
			);
			buildRules = (
			);
			dependencies = (
				396647FC21394FA700B3A4F6 /* PBXTargetDependency */,
			);
			name = DarkModeTests;
			productName = DarkModeTests;
			productReference = 396647FA21394FA700B3A4F6 /* DarkModeTests.xctest */;
			productType = "com.apple.product-type.bundle.unit-test";
		};
		3966480421394FA700B3A4F6 /* DarkModeUITests */ = {
			isa = PBXNativeTarget;
			buildConfigurationList = 3966481421394FA700B3A4F6 /* Build configuration list for PBXNativeTarget "DarkModeUITests" */;
			buildPhases = (
				3966480121394FA700B3A4F6 /* Sources */,
				3966480221394FA700B3A4F6 /* Frameworks */,
				3966480321394FA700B3A4F6 /* Resources */,
			);
			buildRules = (
			);
			dependencies = (
				3966480721394FA700B3A4F6 /* PBXTargetDependency */,
			);
			name = DarkModeUITests;
			productName = DarkModeUITests;
			productReference = 3966480521394FA700B3A4F6 /* DarkModeUITests.xctest */;
			productType = "com.apple.product-type.bundle.ui-testing";
		};
/* End PBXNativeTarget section */

/* Begin PBXProject section */
		396647DE21394FA200B3A4F6 /* Project object */ = {
			isa = PBXProject;
			attributes = {
				LastSwiftUpdateCheck = 0940;
				LastUpgradeCheck = 0940;
				ORGANIZATIONNAME = "Avyukta Creations";
				TargetAttributes = {
					396647E521394FA300B3A4F6 = {
						CreatedOnToolsVersion = 9.4.1;
					};
					396647F921394FA700B3A4F6 = {
						CreatedOnToolsVersion = 9.4.1;
						TestTargetID = 396647E521394FA300B3A4F6;
					};
					3966480421394FA700B3A4F6 = {
						CreatedOnToolsVersion = 9.4.1;
						TestTargetID = 396647E521394FA300B3A4F6;
					};
				};
			};
			buildConfigurationList = 396647E121394FA200B3A4F6 /* Build configuration list for PBXProject "DarkMode" */;
			compatibilityVersion = "Xcode 9.3";
			developmentRegion = en;
			hasScannedForEncodings = 0;
			knownRegions = (
				en,
				Base,
			);
			mainGroup = 396647DD21394FA200B3A4F6;
			productRefGroup = 396647E721394FA300B3A4F6 /* Products */;
			projectDirPath = "";
			projectRoot = "";
			targets = (
				396647E521394FA300B3A4F6 /* DarkMode */,
				396647F921394FA700B3A4F6 /* DarkModeTests */,
				3966480421394FA700B3A4F6 /* DarkModeUITests */,
			);
		};
/* End PBXProject section */

/* Begin PBXResourcesBuildPhase section */
		396647E421394FA300B3A4F6 /* Resources */ = {
			isa = PBXResourcesBuildPhase;
			buildActionMask = 2147483647;
			files = (
				396647F421394FA700B3A4F6 /* LaunchScreen.storyboard in Resources */,
				396647F121394FA700B3A4F6 /* Assets.xcassets in Resources */,
				396647EF21394FA300B3A4F6 /* Main.storyboard in Resources */,
			);
			runOnlyForDeploymentPostprocessing = 0;
		};
		396647F821394FA700B3A4F6 /* Resources */ = {
			isa = PBXResourcesBuildPhase;
			buildActionMask = 2147483647;
			files = (
			);
			runOnlyForDeploymentPostprocessing = 0;
		};
		3966480321394FA700B3A4F6 /* Resources */ = {
			isa = PBXResourcesBuildPhase;
			buildActionMask = 2147483647;
			files = (
			);
			runOnlyForDeploymentPostprocessing = 0;
		};
/* End PBXResourcesBuildPhase section */

/* Begin PBXSourcesBuildPhase section */
		396647E221394FA300B3A4F6 /* Sources */ = {
			isa = PBXSourcesBuildPhase;
			buildActionMask = 2147483647;
			files = (
				396647EC21394FA300B3A4F6 /* ViewController.swift in Sources */,
				396647EA21394FA300B3A4F6 /* AppDelegate.swift in Sources */,
			);
			runOnlyForDeploymentPostprocessing = 0;
		};
		396647F621394FA700B3A4F6 /* Sources */ = {
			isa = PBXSourcesBuildPhase;
			buildActionMask = 2147483647;
			files = (
				396647FF21394FA700B3A4F6 /* DarkModeTests.swift in Sources */,
			);
			runOnlyForDeploymentPostprocessing = 0;
		};
		3966480121394FA700B3A4F6 /* Sources */ = {
			isa = PBXSourcesBuildPhase;
			buildActionMask = 2147483647;
			files = (
				3966480A21394FA700B3A4F6 /* DarkModeUITests.swift in Sources */,
			);
			runOnlyForDeploymentPostprocessing = 0;
		};
/* End PBXSourcesBuildPhase section */

/* Begin PBXTargetDependency section */
		396647FC21394FA700B3A4F6 /* PBXTargetDependency */ = {
			isa = PBXTargetDependency;
			target = 396647E521394FA300B3A4F6 /* DarkMode */;
			targetProxy = 396647FB21394FA700B3A4F6 /* PBXContainerItemProxy */;
		};
		3966480721394FA700B3A4F6 /* PBXTargetDependency */ = {
			isa = PBXTargetDependency;
			target = 396647E521394FA300B3A4F6 /* DarkMode */;
			targetProxy = 3966480621394FA700B3A4F6 /* PBXContainerItemProxy */;
		};
/* End PBXTargetDependency section */

/* Begin PBXVariantGroup section */
		396647ED21394FA300B3A4F6 /* Main.storyboard */ = {
			isa = PBXVariantGroup;
			children = (
				396647EE21394FA300B3A4F6 /* Base */,
			);
			name = Main.storyboard;
			sourceTree = "<group>";
		};
		396647F221394FA700B3A4F6 /* LaunchScreen.storyboard */ = {
			isa = PBXVariantGroup;
			children = (
				396647F321394FA700B3A4F6 /* Base */,
			);
			name = LaunchScreen.storyboard;
			sourceTree = "<group>";
		};
/* End PBXVariantGroup section */

/* Begin XCBuildConfiguration section */
		3966480C21394FA700B3A4F6 /* Debug */ = {
			isa = XCBuildConfiguration;
			buildSettings = {
				ALWAYS_SEARCH_USER_PATHS = NO;
				CLANG_ANALYZER_NONNULL = YES;
				CLANG_ANALYZER_NUMBER_OBJECT_CONVERSION = YES_AGGRESSIVE;
				CLANG_CXX_LANGUAGE_STANDARD = "gnu++14";
				CLANG_CXX_LIBRARY = "libc++";
				CLANG_ENABLE_MODULES = YES;
				CLANG_ENABLE_OBJC_ARC = YES;
				CLANG_ENABLE_OBJC_WEAK = YES;
				CLANG_WARN_BLOCK_CAPTURE_AUTORELEASING = YES;
				CLANG_WARN_BOOL_CONVERSION = YES;
				CLANG_WARN_COMMA = YES;
				CLANG_WARN_CONSTANT_CONVERSION = YES;
				CLANG_WARN_DEPRECATED_OBJC_IMPLEMENTATIONS = YES;
				CLANG_WARN_DIRECT_OBJC_ISA_USAGE = YES_ERROR;
				CLANG_WARN_DOCUMENTATION_COMMENTS = YES;
				CLANG_WARN_EMPTY_BODY = YES;
				CLANG_WARN_ENUM_CONVERSION = YES;
				CLANG_WARN_INFINITE_RECURSION = YES;
				CLANG_WARN_INT_CONVERSION = YES;
				CLANG_WARN_NON_LITERAL_NULL_CONVERSION = YES;
				CLANG_WARN_OBJC_IMPLICIT_RETAIN_SELF = YES;
				CLANG_WARN_OBJC_LITERAL_CONVERSION = YES;
				CLANG_WARN_OBJC_ROOT_CLASS = YES_ERROR;
				CLANG_WARN_RANGE_LOOP_ANALYSIS = YES;
				CLANG_WARN_STRICT_PROTOTYPES = YES;
				CLANG_WARN_SUSPICIOUS_MOVE = YES;
				CLANG_WARN_UNGUARDED_AVAILABILITY = YES_AGGRESSIVE;
				CLANG_WARN_UNREACHABLE_CODE = YES;
				CLANG_WARN__DUPLICATE_METHOD_MATCH = YES;
				CODE_SIGN_IDENTITY = "iPhone Developer";
				COPY_PHASE_STRIP = NO;
				DEBUG_INFORMATION_FORMAT = dwarf;
				ENABLE_STRICT_OBJC_MSGSEND = YES;
				ENABLE_TESTABILITY = YES;
				GCC_C_LANGUAGE_STANDARD = gnu11;
				GCC_DYNAMIC_NO_PIC = NO;
				GCC_NO_COMMON_BLOCKS = YES;
				GCC_OPTIMIZATION_LEVEL = 0;
				GCC_PREPROCESSOR_DEFINITIONS = (
					"DEBUG=1",
					"$(inherited)",
				);
				GCC_WARN_64_TO_32_BIT_CONVERSION = YES;
				GCC_WARN_ABOUT_RETURN_TYPE = YES_ERROR;
				GCC_WARN_UNDECLARED_SELECTOR = YES;
				GCC_WARN_UNINITIALIZED_AUTOS = YES_AGGRESSIVE;
				GCC_WARN_UNUSED_FUNCTION = YES;
				GCC_WARN_UNUSED_VARIABLE = YES;
				IPHONEOS_DEPLOYMENT_TARGET = 11.4;
				MTL_ENABLE_DEBUG_INFO = YES;
				ONLY_ACTIVE_ARCH = YES;
				SDKROOT = iphoneos;
				SWIFT_ACTIVE_COMPILATION_CONDITIONS = DEBUG;
				SWIFT_OPTIMIZATION_LEVEL = "-Onone";
			};
			name = Debug;
		};
		3966480D21394FA700B3A4F6 /* Release */ = {
			isa = XCBuildConfiguration;
			buildSettings = {
				ALWAYS_SEARCH_USER_PATHS = NO;
				CLANG_ANALYZER_NONNULL = YES;
				CLANG_ANALYZER_NUMBER_OBJECT_CONVERSION = YES_AGGRESSIVE;
				CLANG_CXX_LANGUAGE_STANDARD = "gnu++14";
				CLANG_CXX_LIBRARY = "libc++";
				CLANG_ENABLE_MODULES = YES;
				CLANG_ENABLE_OBJC_ARC = YES;
				CLANG_ENABLE_OBJC_WEAK = YES;
				CLANG_WARN_BLOCK_CAPTURE_AUTORELEASING = YES;
				CLANG_WARN_BOOL_CONVERSION = YES;
				CLANG_WARN_COMMA = YES;
				CLANG_WARN_CONSTANT_CONVERSION = YES;
				CLANG_WARN_DEPRECATED_OBJC_IMPLEMENTATIONS = YES;
				CLANG_WARN_DIRECT_OBJC_ISA_USAGE = YES_ERROR;
				CLANG_WARN_DOCUMENTATION_COMMENTS = YES;
				CLANG_WARN_EMPTY_BODY = YES;
				CLANG_WARN_ENUM_CONVERSION = YES;
				CLANG_WARN_INFINITE_RECURSION = YES;
				CLANG_WARN_INT_CONVERSION = YES;
				CLANG_WARN_NON_LITERAL_NULL_CONVERSION = YES;
				CLANG_WARN_OBJC_IMPLICIT_RETAIN_SELF = YES;
				CLANG_WARN_OBJC_LITERAL_CONVERSION = YES;
				CLANG_WARN_OBJC_ROOT_CLASS = YES_ERROR;
				CLANG_WARN_RANGE_LOOP_ANALYSIS = YES;
				CLANG_WARN_STRICT_PROTOTYPES = YES;
				CLANG_WARN_SUSPICIOUS_MOVE = YES;
				CLANG_WARN_UNGUARDED_AVAILABILITY = YES_AGGRESSIVE;
				CLANG_WARN_UNREACHABLE_CODE = YES;
				CLANG_WARN__DUPLICATE_METHOD_MATCH = YES;
				CODE_SIGN_IDENTITY = "iPhone Developer";
				COPY_PHASE_STRIP = NO;
				DEBUG_INFORMATION_FORMAT = "dwarf-with-dsym";
				ENABLE_NS_ASSERTIONS = NO;
				ENABLE_STRICT_OBJC_MSGSEND = YES;
				GCC_C_LANGUAGE_STANDARD = gnu11;
				GCC_NO_COMMON_BLOCKS = YES;
				GCC_WARN_64_TO_32_BIT_CONVERSION = YES;
				GCC_WARN_ABOUT_RETURN_TYPE = YES_ERROR;
				GCC_WARN_UNDECLARED_SELECTOR = YES;
				GCC_WARN_UNINITIALIZED_AUTOS = YES_AGGRESSIVE;
				GCC_WARN_UNUSED_FUNCTION = YES;
				GCC_WARN_UNUSED_VARIABLE = YES;
				IPHONEOS_DEPLOYMENT_TARGET = 11.4;
				MTL_ENABLE_DEBUG_INFO = NO;
				SDKROOT = iphoneos;
				SWIFT_COMPILATION_MODE = wholemodule;
				SWIFT_OPTIMIZATION_LEVEL = "-O";
				VALIDATE_PRODUCT = YES;
			};
			name = Release;
		};
		3966480F21394FA700B3A4F6 /* Debug */ = {
			isa = XCBuildConfiguration;
			buildSettings = {
				ASSETCATALOG_COMPILER_APPICON_NAME = AppIcon;
				CODE_SIGN_STYLE = Automatic;
				DEVELOPMENT_TEAM = 747QTSGR4Q;
				INFOPLIST_FILE = DarkMode/Info.plist;
				LD_RUNPATH_SEARCH_PATHS = (
					"$(inherited)",
					"@executable_path/Frameworks",
				);
				PRODUCT_BUNDLE_IDENTIFIER = Avyukta.DarkMode;
				PRODUCT_NAME = "$(TARGET_NAME)";
				SWIFT_VERSION = 4.0;
				TARGETED_DEVICE_FAMILY = "1,2";
			};
			name = Debug;
		};
		3966481021394FA700B3A4F6 /* Release */ = {
			isa = XCBuildConfiguration;
			buildSettings = {
				ASSETCATALOG_COMPILER_APPICON_NAME = AppIcon;
				CODE_SIGN_STYLE = Automatic;
				DEVELOPMENT_TEAM = 747QTSGR4Q;
				INFOPLIST_FILE = DarkMode/Info.plist;
				LD_RUNPATH_SEARCH_PATHS = (
					"$(inherited)",
					"@executable_path/Frameworks",
				);
				PRODUCT_BUNDLE_IDENTIFIER = Avyukta.DarkMode;
				PRODUCT_NAME = "$(TARGET_NAME)";
				SWIFT_VERSION = 4.0;
				TARGETED_DEVICE_FAMILY = "1,2";
			};
			name = Release;
		};
		3966481221394FA700B3A4F6 /* Debug */ = {
			isa = XCBuildConfiguration;
			buildSettings = {
				ALWAYS_EMBED_SWIFT_STANDARD_LIBRARIES = YES;
				BUNDLE_LOADER = "$(TEST_HOST)";
				CODE_SIGN_STYLE = Automatic;
				DEVELOPMENT_TEAM = 747QTSGR4Q;
				INFOPLIST_FILE = DarkModeTests/Info.plist;
				LD_RUNPATH_SEARCH_PATHS = (
					"$(inherited)",
					"@executable_path/Frameworks",
					"@loader_path/Frameworks",
				);
				PRODUCT_BUNDLE_IDENTIFIER = Avyukta.DarkModeTests;
				PRODUCT_NAME = "$(TARGET_NAME)";
				SWIFT_VERSION = 4.0;
				TARGETED_DEVICE_FAMILY = "1,2";
				TEST_HOST = "$(BUILT_PRODUCTS_DIR)/DarkMode.app/DarkMode";
			};
			name = Debug;
		};
		3966481321394FA700B3A4F6 /* Release */ = {
			isa = XCBuildConfiguration;
			buildSettings = {
				ALWAYS_EMBED_SWIFT_STANDARD_LIBRARIES = YES;
				BUNDLE_LOADER = "$(TEST_HOST)";
				CODE_SIGN_STYLE = Automatic;
				DEVELOPMENT_TEAM = 747QTSGR4Q;
				INFOPLIST_FILE = DarkModeTests/Info.plist;
				LD_RUNPATH_SEARCH_PATHS = (
					"$(inherited)",
					"@executable_path/Frameworks",
					"@loader_path/Frameworks",
				);
				PRODUCT_BUNDLE_IDENTIFIER = Avyukta.DarkModeTests;
				PRODUCT_NAME = "$(TARGET_NAME)";
				SWIFT_VERSION = 4.0;
				TARGETED_DEVICE_FAMILY = "1,2";
				TEST_HOST = "$(BUILT_PRODUCTS_DIR)/DarkMode.app/DarkMode";
			};
			name = Release;
		};
		3966481521394FA700B3A4F6 /* Debug */ = {
			isa = XCBuildConfiguration;
			buildSettings = {
				ALWAYS_EMBED_SWIFT_STANDARD_LIBRARIES = YES;
				CODE_SIGN_STYLE = Automatic;
				DEVELOPMENT_TEAM = 747QTSGR4Q;
				INFOPLIST_FILE = DarkModeUITests/Info.plist;
				LD_RUNPATH_SEARCH_PATHS = (
					"$(inherited)",
					"@executable_path/Frameworks",
					"@loader_path/Frameworks",
				);
				PRODUCT_BUNDLE_IDENTIFIER = Avyukta.DarkModeUITests;
				PRODUCT_NAME = "$(TARGET_NAME)";
				SWIFT_VERSION = 4.0;
				TARGETED_DEVICE_FAMILY = "1,2";
				TEST_TARGET_NAME = DarkMode;
			};
			name = Debug;
		};
		3966481621394FA700B3A4F6 /* Release */ = {
			isa = XCBuildConfiguration;
			buildSettings = {
				ALWAYS_EMBED_SWIFT_STANDARD_LIBRARIES = YES;
				CODE_SIGN_STYLE = Automatic;
				DEVELOPMENT_TEAM = 747QTSGR4Q;
				INFOPLIST_FILE = DarkModeUITests/Info.plist;
				LD_RUNPATH_SEARCH_PATHS = (
					"$(inherited)",
					"@executable_path/Frameworks",
					"@loader_path/Frameworks",
				);
				PRODUCT_BUNDLE_IDENTIFIER = Avyukta.DarkModeUITests;
				PRODUCT_NAME = "$(TARGET_NAME)";
				SWIFT_VERSION = 4.0;
				TARGETED_DEVICE_FAMILY = "1,2";
				TEST_TARGET_NAME = DarkMode;
			};
			name = Release;
		};
/* End XCBuildConfiguration section */

/* Begin XCConfigurationList section */
		396647E121394FA200B3A4F6 /* Build configuration list for PBXProject "DarkMode" */ = {
			isa = XCConfigurationList;
			buildConfigurations = (
				3966480C21394FA700B3A4F6 /* Debug */,
				3966480D21394FA700B3A4F6 /* Release */,
			);
			defaultConfigurationIsVisible = 0;
			defaultConfigurationName = Release;
		};
		3966480E21394FA700B3A4F6 /* Build configuration list for PBXNativeTarget "DarkMode" */ = {
			isa = XCConfigurationList;
			buildConfigurations = (
				3966480F21394FA700B3A4F6 /* Debug */,
				3966481021394FA700B3A4F6 /* Release */,
			);
			defaultConfigurationIsVisible = 0;
			defaultConfigurationName = Release;
		};
		3966481121394FA700B3A4F6 /* Build configuration list for PBXNativeTarget "DarkModeTests" */ = {
			isa = XCConfigurationList;
			buildConfigurations = (
				3966481221394FA700B3A4F6 /* Debug */,
				3966481321394FA700B3A4F6 /* Release */,
			);
			defaultConfigurationIsVisible = 0;
			defaultConfigurationName = Release;
		};
		3966481421394FA700B3A4F6 /* Build configuration list for PBXNativeTarget "DarkModeUITests" */ = {
			isa = XCConfigurationList;
			buildConfigurations = (
				3966481521394FA700B3A4F6 /* Debug */,
				3966481621394FA700B3A4F6 /* Release */,
			);
			defaultConfigurationIsVisible = 0;
			defaultConfigurationName = Release;
		};
/* End XCConfigurationList section */
	};
	rootObject = 396647DE21394FA200B3A4F6 /* Project object */;
}
